
Microsoft Visual Studio Solution File, Format Version 12.00
# Visual Studio Version 17
VisualStudioVersion = 17.3.32929.385
MinimumVisualStudioVersion = 10.0.40219.1
Project("{2150E333-8FDC-42A3-9474-1A3956D46DE8}") = "Solution Items", "Solution Items", "{F1FAE8C9-0AA0-471E-974F-A257ABB2F3E8}"
	ProjectSection(SolutionItems) = preProject
		.editorconfig = .editorconfig
		appveyor.yml = appveyor.yml
		build.cmd = build.cmd
		build.sh = build.sh
		COPYING.txt = COPYING.txt
		Directory.Build.props = Directory.Build.props
		global.json = global.json
		pack.cmd = pack.cmd
		pack.sh = pack.sh
		README.md = README.md
		test.cmd = test.cmd
		test.sh = test.sh
	EndProjectSection
EndProject
Project("{9A19103F-16F7-4668-BE54-9A1E7A4F7556}") = "WebLinq", "src\Core\WebLinq.csproj", "{17B0355E-7029-487D-BB17-74529E051082}"
EndProject
Project("{9A19103F-16F7-4668-BE54-9A1E7A4F7556}") = "WebLinq.Tests", "tests\WebLinq.Tests.csproj", "{7348390D-1034-4649-85BD-60EBE985A970}"
EndProject
Global
	GlobalSection(SolutionConfigurationPlatforms) = preSolution
		Debug|Any CPU = Debug|Any CPU
		Release|Any CPU = Release|Any CPU
	EndGlobalSection
	GlobalSection(ProjectConfigurationPlatforms) = postSolution
		{17B0355E-7029-487D-BB17-74529E051082}.Debug|Any CPU.ActiveCfg = Debug|Any CPU
		{17B0355E-7029-487D-BB17-74529E051082}.Debug|Any CPU.Build.0 = Debug|Any CPU
		{17B0355E-7029-487D-BB17-74529E051082}.Release|Any CPU.ActiveCfg = Release|Any CPU
		{17B0355E-7029-487D-BB17-74529E051082}.Release|Any CPU.Build.0 = Release|Any CPU
		{7348390D-1034-4649-85BD-60EBE985A970}.Debug|Any CPU.ActiveCfg = Debug|Any CPU
		{7348390D-1034-4649-85BD-60EBE985A970}.Debug|Any CPU.Build.0 = Debug|Any CPU
		{7348390D-1034-4649-85BD-60EBE985A970}.Release|Any CPU.ActiveCfg = Release|Any CPU
		{7348390D-1034-4649-85BD-60EBE985A970}.Release|Any CPU.Build.0 = Release|Any CPU
	EndGlobalSection
	GlobalSection(SolutionProperties) = preSolution
		HideSolutionNode = FALSE
	EndGlobalSection
	GlobalSection(ExtensibilityGlobals) = postSolution
		SolutionGuid = {4C6B3CD7-B266-43BB-AD41-92C6B58842F2}
	EndGlobalSection
EndGlobal
